
Microsoft Visual Studio Solution File, Format Version 12.00
# Visual Studio Version 17
VisualStudioVersion = 17.5.33530.505
MinimumVisualStudioVersion = 10.0.40219.1
Project("{FAE04EC0-301F-11D3-BF4B-00C04F79EFBC}") = "calendarass", "calendarass\calendarass.csproj", "{23B1413D-7E8F-4AB9-BDD3-E4982241726E}"
EndProject
Global
	GlobalSection(SolutionConfigurationPlatforms) = preSolution
		Debug|Any CPU = Debug|Any CPU
		Release|Any CPU = Release|Any CPU
	EndGlobalSection
	GlobalSection(ProjectConfigurationPlatforms) = postSolution
		{23B1413D-7E8F-4AB9-BDD3-E4982241726E}.Debug|Any CPU.ActiveCfg = Debug|Any CPU
		{23B1413D-7E8F-4AB9-BDD3-E4982241726E}.Debug|Any CPU.Build.0 = Debug|Any CPU
		{23B1413D-7E8F-4AB9-BDD3-E4982241726E}.Release|Any CPU.ActiveCfg = Release|Any CPU
		{23B1413D-7E8F-4AB9-BDD3-E4982241726E}.Release|Any CPU.Build.0 = Release|Any CPU
	EndGlobalSection
	GlobalSection(SolutionProperties) = preSolution
		HideSolutionNode = FALSE
	EndGlobalSection
	GlobalSection(ExtensibilityGlobals) = postSolution
		SolutionGuid = {0E628227-69B1-4C92-935A-FFE5CB412F82}
	EndGlobalSection
EndGlobal
